
Microsoft Visual Studio Solution File, Format Version 12.00
# Visual Studio Version 16
VisualStudioVersion = 16.0.30804.86
MinimumVisualStudioVersion = 10.0.40219.1
Project("{8BC9CEB8-8B4A-11D0-8D11-00A0C91BC942}") = "TravelingSalesmanGA", "TravelingSalesmanGA\TravelingSalesmanGA.vcxproj", "{06F83C14-A916-4708-8A1F-ED7B19830545}"
EndProject
Global
	GlobalSection(SolutionConfigurationPlatforms) = preSolution
		Debug|x64 = Debug|x64
		Debug|x86 = Debug|x86
		Release|x64 = Release|x64
		Release|x86 = Release|x86
	EndGlobalSection
	GlobalSection(ProjectConfigurationPlatforms) = postSolution
		{06F83C14-A916-4708-8A1F-ED7B19830545}.Debug|x64.ActiveCfg = Debug|x64
		{06F83C14-A916-4708-8A1F-ED7B19830545}.Debug|x64.Build.0 = Debug|x64
		{06F83C14-A916-4708-8A1F-ED7B19830545}.Debug|x86.ActiveCfg = Debug|Win32
		{06F83C14-A916-4708-8A1F-ED7B19830545}.Debug|x86.Build.0 = Debug|Win32
		{06F83C14-A916-4708-8A1F-ED7B19830545}.Release|x64.ActiveCfg = Release|x64
		{06F83C14-A916-4708-8A1F-ED7B19830545}.Release|x64.Build.0 = Release|x64
		{06F83C14-A916-4708-8A1F-ED7B19830545}.Release|x86.ActiveCfg = Release|Win32
		{06F83C14-A916-4708-8A1F-ED7B19830545}.Release|x86.Build.0 = Release|Win32
	EndGlobalSection
	GlobalSection(SolutionProperties) = preSolution
		HideSolutionNode = FALSE
	EndGlobalSection
	GlobalSection(ExtensibilityGlobals) = postSolution
		SolutionGuid = {892F4E54-2509-4248-A648-88B40833E66E}
	EndGlobalSection
EndGlobal
